
Microsoft Visual Studio Solution File, Format Version 12.00
# Visual Studio Version 17
VisualStudioVersion = 17.14.36518.9 d17.14
MinimumVisualStudioVersion = 10.0.40219.1
Project("{FAE04EC0-301F-11D3-BF4B-00C04F79EFBC}") = "Backend", "Backend.csproj", "{59A5DE6D-4DB5-42CC-9682-497767C68100}"
EndProject
Global
	GlobalSection(SolutionConfigurationPlatforms) = preSolution
		Debug|Any CPU = Debug|Any CPU
		Release|Any CPU = Release|Any CPU
	EndGlobalSection
	GlobalSection(ProjectConfigurationPlatforms) = postSolution
		{59A5DE6D-4DB5-42CC-9682-497767C68100}.Debug|Any CPU.ActiveCfg = Debug|Any CPU
		{59A5DE6D-4DB5-42CC-9682-497767C68100}.Debug|Any CPU.Build.0 = Debug|Any CPU
		{59A5DE6D-4DB5-42CC-9682-497767C68100}.Release|Any CPU.ActiveCfg = Release|Any CPU
		{59A5DE6D-4DB5-42CC-9682-497767C68100}.Release|Any CPU.Build.0 = Release|Any CPU
	EndGlobalSection
	GlobalSection(SolutionProperties) = preSolution
		HideSolutionNode = FALSE
	EndGlobalSection
	GlobalSection(ExtensibilityGlobals) = postSolution
		SolutionGuid = {AA63D7E5-6B0E-42FC-9945-EFB814D16E14}
	EndGlobalSection
EndGlobal
